
Microsoft Visual Studio Solution File, Format Version 12.00
# Visual Studio Version 16
VisualStudioVersion = 16.0.30128.74
MinimumVisualStudioVersion = 10.0.40219.1
Project("{FAE04EC0-301F-11D3-BF4B-00C04F79EFBC}") = "Antikam", "Antikam\Antikam.csproj", "{104BA9B7-91C1-4E84-82A0-8B6984411C16}"
EndProject
Global
	GlobalSection(SolutionConfigurationPlatforms) = preSolution
		Debug|Any CPU = Debug|Any CPU
		Release|Any CPU = Release|Any CPU
	EndGlobalSection
	GlobalSection(ProjectConfigurationPlatforms) = postSolution
		{104BA9B7-91C1-4E84-82A0-8B6984411C16}.Debug|Any CPU.ActiveCfg = Debug|Any CPU
		{104BA9B7-91C1-4E84-82A0-8B6984411C16}.Debug|Any CPU.Build.0 = Debug|Any CPU
		{104BA9B7-91C1-4E84-82A0-8B6984411C16}.Release|Any CPU.ActiveCfg = Release|Any CPU
		{104BA9B7-91C1-4E84-82A0-8B6984411C16}.Release|Any CPU.Build.0 = Release|Any CPU
	EndGlobalSection
	GlobalSection(SolutionProperties) = preSolution
		HideSolutionNode = FALSE
	EndGlobalSection
	GlobalSection(ExtensibilityGlobals) = postSolution
		SolutionGuid = {E2587AE2-4476-4718-A62C-3BE0C4101C7B}
	EndGlobalSection
EndGlobal
